{
  "version": 4,
  "terraform_version": "1.3.7",
  "serial": 21,
  "lineage": "e5041dc1-df4b-42a4-f10d-013ed5f25ab7",
  "outputs": {},
  "resources": [
    {
      "mode": "data",
      "type": "digitalocean_ssh_key",
      "name": "ssh_key",
      "provider": "provider[\"registry.terraform.io/digitalocean/digitalocean\"]",
      "instances": [
        {
          "schema_version": 0,
          "attributes": {
            "fingerprint": "b1:d1:90:9e:67:c0:09:79:23:f7:42:ab:d0:29:92:63",
            "id": 37382264,
            "name": "jornada",
            "public_key": "ssh-rsa AAAAB3NzaC1yc2EAAAADAQABAAABAQCkTKsoiU8PPirLj/iDNrDjhk09DFAr/RcqZZRR13TlVTQ029iouZOl7FzIUsaYi+20qisxNqb2yxyRmGFUjaOaz2a5yhhOaP6AemxaGHrA3Nh+lKEGryDGHL05MpLajGq4OxaPgtRdnDB3KnlxOpuXexCB7kJjlqHHwUQ0aPmamsyXY6fboM71oMni/QRRDeR+CSXjrVqpUM641v1sQ4O3hdCiDDKrR/pJnqU7UzU8N7P6BiuHWH7n4pAmY54M1dlFAwcVxR0VTty+zwQfcJzyYb3oUtC57HwZ4SjIwfYOr5yyv/KbnExm9RPGH1K5gezO2HjEG10XGNcIb3teih6v jose@DESKTOP-E6LNS2K"
          },
          "sensitive_attributes": []
        }
      ]
    },
    {
      "mode": "managed",
      "type": "digitalocean_droplet",
      "name": "jenkins",
      "provider": "provider[\"registry.terraform.io/digitalocean/digitalocean\"]",
      "instances": [
        {
          "schema_version": 1,
          "attributes": {
            "backups": false,
            "created_at": "2023-01-29T17:34:01Z",
            "disk": 60,
            "droplet_agent": null,
            "graceful_shutdown": false,
            "id": "338133753",
            "image": "ubuntu-22-04-x64",
            "ipv4_address": "64.227.16.216",
            "ipv4_address_private": "10.116.0.2",
            "ipv6": false,
            "ipv6_address": "",
            "locked": false,
            "memory": 2048,
            "monitoring": false,
            "name": "jenkins",
            "price_hourly": 0.02679,
            "price_monthly": 18,
            "private_networking": true,
            "region": "nyc1",
            "resize_disk": true,
            "size": "s-2vcpu-2gb",
            "ssh_keys": [
              "37382264"
            ],
            "status": "active",
            "tags": [],
            "timeouts": null,
            "urn": "do:droplet:338133753",
            "user_data": null,
            "vcpus": 2,
            "volume_ids": [],
            "vpc_uuid": "6db7cd78-6673-45ee-b93e-af5413918af0"
          },
          "sensitive_attributes": [],
          "private": "eyJlMmJmYjczMC1lY2FhLTExZTYtOGY4OC0zNDM2M2JjN2M0YzAiOnsiY3JlYXRlIjozNjAwMDAwMDAwMDAwLCJkZWxldGUiOjYwMDAwMDAwMDAwLCJ1cGRhdGUiOjM2MDAwMDAwMDAwMDB9LCJzY2hlbWFfdmVyc2lvbiI6IjEifQ==",
          "dependencies": [
            "data.digitalocean_ssh_key.ssh_key"
          ]
        }
      ]
    }
  ],
  "check_results": null
}
